{
  "object": {
    "pins": [
      {
        "package": "Package_A",
        "repositoryURL": "git@github.com:LittleGreenViper/SPMArticle-Package_A.git",
        "state": {
          "branch": null,
          "revision": "09ef1505583fad44a5d2848a83b7cce594067501",
          "version": "2.0.0"
        }
      },
      {
        "package": "Package_BPrime",
        "repositoryURL": "git@github.com:LittleGreenViper/SPMArticle-Package_B.git",
        "state": {
          "branch": null,
          "revision": "448bf468f3db96cdcc1183b208cfe38ee8abefd2",
          "version": "2.0.0"
        }
      }
    ]
  },
  "version": 1
}
